
Microsoft Visual Studio Solution File, Format Version 12.00
# Visual Studio 15
VisualStudioVersion = 15.0.27004.2005
MinimumVisualStudioVersion = 10.0.40219.1
Project("{FAE04EC0-301F-11D3-BF4B-00C04F79EFBC}") = "Задание 3", "Задание 3\Задание 3.csproj", "{687D7F45-3E3B-48E4-AD10-F3E61085CFF6}"
EndProject
Global
	GlobalSection(SolutionConfigurationPlatforms) = preSolution
		Debug|Any CPU = Debug|Any CPU
		Release|Any CPU = Release|Any CPU
	EndGlobalSection
	GlobalSection(ProjectConfigurationPlatforms) = postSolution
		{687D7F45-3E3B-48E4-AD10-F3E61085CFF6}.Debug|Any CPU.ActiveCfg = Debug|Any CPU
		{687D7F45-3E3B-48E4-AD10-F3E61085CFF6}.Debug|Any CPU.Build.0 = Debug|Any CPU
		{687D7F45-3E3B-48E4-AD10-F3E61085CFF6}.Release|Any CPU.ActiveCfg = Release|Any CPU
		{687D7F45-3E3B-48E4-AD10-F3E61085CFF6}.Release|Any CPU.Build.0 = Release|Any CPU
	EndGlobalSection
	GlobalSection(SolutionProperties) = preSolution
		HideSolutionNode = FALSE
	EndGlobalSection
	GlobalSection(ExtensibilityGlobals) = postSolution
		SolutionGuid = {D5DFA61D-FD29-4DAF-8C6E-8330EDBC201C}
	EndGlobalSection
EndGlobal
