
Microsoft Visual Studio Solution File, Format Version 12.00
# Visual Studio 15
VisualStudioVersion = 15.0.27004.2005
MinimumVisualStudioVersion = 10.0.40219.1
Project("{FAE04EC0-301F-11D3-BF4B-00C04F79EFBC}") = "Задание 5", "Задание 5\Задание 5.csproj", "{49C98081-E9C4-41F9-AABD-DE7A82F006F2}"
EndProject
Global
	GlobalSection(SolutionConfigurationPlatforms) = preSolution
		Debug|Any CPU = Debug|Any CPU
		Release|Any CPU = Release|Any CPU
	EndGlobalSection
	GlobalSection(ProjectConfigurationPlatforms) = postSolution
		{49C98081-E9C4-41F9-AABD-DE7A82F006F2}.Debug|Any CPU.ActiveCfg = Debug|Any CPU
		{49C98081-E9C4-41F9-AABD-DE7A82F006F2}.Debug|Any CPU.Build.0 = Debug|Any CPU
		{49C98081-E9C4-41F9-AABD-DE7A82F006F2}.Release|Any CPU.ActiveCfg = Release|Any CPU
		{49C98081-E9C4-41F9-AABD-DE7A82F006F2}.Release|Any CPU.Build.0 = Release|Any CPU
	EndGlobalSection
	GlobalSection(SolutionProperties) = preSolution
		HideSolutionNode = FALSE
	EndGlobalSection
	GlobalSection(ExtensibilityGlobals) = postSolution
		SolutionGuid = {27B247E8-4EC9-4B72-907F-50A43A6D469B}
	EndGlobalSection
EndGlobal
