
Microsoft Visual Studio Solution File, Format Version 12.00
# Visual Studio 15
VisualStudioVersion = 15.0.27004.2005
MinimumVisualStudioVersion = 10.0.40219.1
Project("{FAE04EC0-301F-11D3-BF4B-00C04F79EFBC}") = "Комплексные числа", "Комплексные числа\Комплексные числа.csproj", "{0F335EA0-6FEC-4B03-A299-CCF3E1015E61}"
EndProject
Global
	GlobalSection(SolutionConfigurationPlatforms) = preSolution
		Debug|Any CPU = Debug|Any CPU
		Release|Any CPU = Release|Any CPU
	EndGlobalSection
	GlobalSection(ProjectConfigurationPlatforms) = postSolution
		{0F335EA0-6FEC-4B03-A299-CCF3E1015E61}.Debug|Any CPU.ActiveCfg = Debug|Any CPU
		{0F335EA0-6FEC-4B03-A299-CCF3E1015E61}.Debug|Any CPU.Build.0 = Debug|Any CPU
		{0F335EA0-6FEC-4B03-A299-CCF3E1015E61}.Release|Any CPU.ActiveCfg = Release|Any CPU
		{0F335EA0-6FEC-4B03-A299-CCF3E1015E61}.Release|Any CPU.Build.0 = Release|Any CPU
	EndGlobalSection
	GlobalSection(SolutionProperties) = preSolution
		HideSolutionNode = FALSE
	EndGlobalSection
	GlobalSection(ExtensibilityGlobals) = postSolution
		SolutionGuid = {EFE94368-A898-400D-80D6-4490A104BB18}
	EndGlobalSection
EndGlobal
